
Microsoft Visual Studio Solution File, Format Version 12.00
# Visual Studio Version 17
VisualStudioVersion = 17.1.32328.378
MinimumVisualStudioVersion = 10.0.40219.1
Project("{FAE04EC0-301F-11D3-BF4B-00C04F79EFBC}") = "FundooNotes", "FundooNotes.csproj", "{8BE06A2F-7429-47C9-9989-2F5396736713}"
EndProject
Project("{FAE04EC0-301F-11D3-BF4B-00C04F79EFBC}") = "RepoLayer", "..\RepoLayer\RepoLayer.csproj", "{929A27DE-BFDE-4B14-9B9A-3FA3C2426011}"
EndProject
Project("{FAE04EC0-301F-11D3-BF4B-00C04F79EFBC}") = "BusinessLayer", "..\BusinessLayer\BusinessLayer.csproj", "{620D75B7-1BBD-4EFA-BB26-46EB481A0E66}"
EndProject
Project("{FAE04EC0-301F-11D3-BF4B-00C04F79EFBC}") = "CommonLayer", "..\CommonLayer\CommonLayer.csproj", "{32CACB89-904A-492C-A1B0-559AED7131BF}"
EndProject
Global
	GlobalSection(SolutionConfigurationPlatforms) = preSolution
		Debug|Any CPU = Debug|Any CPU
		Release|Any CPU = Release|Any CPU
	EndGlobalSection
	GlobalSection(ProjectConfigurationPlatforms) = postSolution
		{8BE06A2F-7429-47C9-9989-2F5396736713}.Debug|Any CPU.ActiveCfg = Debug|Any CPU
		{8BE06A2F-7429-47C9-9989-2F5396736713}.Debug|Any CPU.Build.0 = Debug|Any CPU
		{8BE06A2F-7429-47C9-9989-2F5396736713}.Release|Any CPU.ActiveCfg = Release|Any CPU
		{8BE06A2F-7429-47C9-9989-2F5396736713}.Release|Any CPU.Build.0 = Release|Any CPU
		{929A27DE-BFDE-4B14-9B9A-3FA3C2426011}.Debug|Any CPU.ActiveCfg = Debug|Any CPU
		{929A27DE-BFDE-4B14-9B9A-3FA3C2426011}.Debug|Any CPU.Build.0 = Debug|Any CPU
		{929A27DE-BFDE-4B14-9B9A-3FA3C2426011}.Release|Any CPU.ActiveCfg = Release|Any CPU
		{929A27DE-BFDE-4B14-9B9A-3FA3C2426011}.Release|Any CPU.Build.0 = Release|Any CPU
		{620D75B7-1BBD-4EFA-BB26-46EB481A0E66}.Debug|Any CPU.ActiveCfg = Debug|Any CPU
		{620D75B7-1BBD-4EFA-BB26-46EB481A0E66}.Debug|Any CPU.Build.0 = Debug|Any CPU
		{620D75B7-1BBD-4EFA-BB26-46EB481A0E66}.Release|Any CPU.ActiveCfg = Release|Any CPU
		{620D75B7-1BBD-4EFA-BB26-46EB481A0E66}.Release|Any CPU.Build.0 = Release|Any CPU
		{32CACB89-904A-492C-A1B0-559AED7131BF}.Debug|Any CPU.ActiveCfg = Debug|Any CPU
		{32CACB89-904A-492C-A1B0-559AED7131BF}.Debug|Any CPU.Build.0 = Debug|Any CPU
		{32CACB89-904A-492C-A1B0-559AED7131BF}.Release|Any CPU.ActiveCfg = Release|Any CPU
		{32CACB89-904A-492C-A1B0-559AED7131BF}.Release|Any CPU.Build.0 = Release|Any CPU
	EndGlobalSection
	GlobalSection(SolutionProperties) = preSolution
		HideSolutionNode = FALSE
	EndGlobalSection
	GlobalSection(ExtensibilityGlobals) = postSolution
		SolutionGuid = {9DAC7DF7-5A2F-4EA3-A4F4-B1976B9F91B1}
	EndGlobalSection
EndGlobal
